// !$*UTF8*$!
{
	archiveVersion = 1;
	classes = {
	};
	objectVersion = 56;
	objects = {

/* Begin PBXBuildFile section */
		D52A212C2ACAAC910079878C /* main.swift in Sources */ = {isa = PBXBuildFile; fileRef = D52A212B2ACAAC910079878C /* main.swift */; };
/* End PBXBuildFile section */

/* Begin PBXCopyFilesBuildPhase section */
		D58077632A56A526008C2D54 /* CopyFiles */ = {
			isa = PBXCopyFilesBuildPhase;
			buildActionMask = 2147483647;
			dstPath = /usr/share/man/man1/;
			dstSubfolderSpec = 0;
			files = (
			);
			runOnlyForDeploymentPostprocessing = 1;
		};
/* End PBXCopyFilesBuildPhase section */

/* Begin PBXFileReference section */
		D52A21212AC99DA60079878C /* 10811.swift */ = {isa = PBXFileReference; lastKnownFileType = sourcecode.swift; path = 10811.swift; sourceTree = "<group>"; };
		D52A21232AC9A8460079878C /* 10813.swift */ = {isa = PBXFileReference; lastKnownFileType = sourcecode.swift; path = 10813.swift; sourceTree = "<group>"; };
		D52A21252AC9B2380079878C /* 1271.swift */ = {isa = PBXFileReference; lastKnownFileType = sourcecode.swift; path = 1271.swift; sourceTree = "<group>"; };
		D52A21272AC9D9AD0079878C /* 17216.swift */ = {isa = PBXFileReference; lastKnownFileType = sourcecode.swift; path = 17216.swift; sourceTree = "<group>"; };
		D52A21292AC9F6E50079878C /* re_17216.swift */ = {isa = PBXFileReference; lastKnownFileType = sourcecode.swift; path = re_17216.swift; sourceTree = "<group>"; };
		D52A212B2ACAAC910079878C /* main.swift */ = {isa = PBXFileReference; lastKnownFileType = sourcecode.swift; path = main.swift; sourceTree = "<group>"; };
		D5642CA52A5D8FC600DF5876 /* 11382.swift */ = {isa = PBXFileReference; lastKnownFileType = sourcecode.swift; path = 11382.swift; sourceTree = "<group>"; };
		D58077652A56A526008C2D54 /* iOS_BaekJoon */ = {isa = PBXFileReference; explicitFileType = "compiled.mach-o.executable"; includeInIndex = 0; path = iOS_BaekJoon; sourceTree = BUILT_PRODUCTS_DIR; };
		D58077802A56ADDA008C2D54 /* 11055.swift */ = {isa = PBXFileReference; lastKnownFileType = sourcecode.swift; path = 11055.swift; sourceTree = "<group>"; };
		D58077832A56B1CA008C2D54 /* 11722.swift */ = {isa = PBXFileReference; lastKnownFileType = sourcecode.swift; path = 11722.swift; sourceTree = "<group>"; };
		D58077852A56B52B008C2D54 /* 1912.swift */ = {isa = PBXFileReference; lastKnownFileType = sourcecode.swift; path = 1912.swift; sourceTree = "<group>"; };
		D58077872A56C173008C2D54 /* 2579.swift */ = {isa = PBXFileReference; lastKnownFileType = sourcecode.swift; path = 2579.swift; sourceTree = "<group>"; };
		D5F0A2052A5BC5B20009C8D3 /* 1699.swift */ = {isa = PBXFileReference; lastKnownFileType = sourcecode.swift; path = 1699.swift; sourceTree = "<group>"; };
/* End PBXFileReference section */

/* Begin PBXFrameworksBuildPhase section */
		D58077622A56A526008C2D54 /* Frameworks */ = {
			isa = PBXFrameworksBuildPhase;
			buildActionMask = 2147483647;
			files = (
			);
			runOnlyForDeploymentPostprocessing = 0;
		};
/* End PBXFrameworksBuildPhase section */

/* Begin PBXGroup section */
		D580775C2A56A526008C2D54 = {
			isa = PBXGroup;
			children = (
				D58077672A56A526008C2D54 /* iOS_BaekJoon */,
				D58077662A56A526008C2D54 /* Products */,
			);
			sourceTree = "<group>";
		};
		D58077662A56A526008C2D54 /* Products */ = {
			isa = PBXGroup;
			children = (
				D58077652A56A526008C2D54 /* iOS_BaekJoon */,
			);
			name = Products;
			sourceTree = "<group>";
		};
		D58077672A56A526008C2D54 /* iOS_BaekJoon */ = {
			isa = PBXGroup;
			children = (
				D58077802A56ADDA008C2D54 /* 11055.swift */,
				D58077832A56B1CA008C2D54 /* 11722.swift */,
				D58077852A56B52B008C2D54 /* 1912.swift */,
				D58077872A56C173008C2D54 /* 2579.swift */,
				D5F0A2052A5BC5B20009C8D3 /* 1699.swift */,
				D5642CA52A5D8FC600DF5876 /* 11382.swift */,
				D52A21212AC99DA60079878C /* 10811.swift */,
				D52A21232AC9A8460079878C /* 10813.swift */,
				D52A21252AC9B2380079878C /* 1271.swift */,
				D52A21272AC9D9AD0079878C /* 17216.swift */,
				D52A21292AC9F6E50079878C /* re_17216.swift */,
				D52A212B2ACAAC910079878C /* main.swift */,
			);
			path = iOS_BaekJoon;
			sourceTree = "<group>";
		};
/* End PBXGroup section */

/* Begin PBXNativeTarget section */
		D58077642A56A526008C2D54 /* iOS_BaekJoon */ = {
			isa = PBXNativeTarget;
			buildConfigurationList = D580776C2A56A526008C2D54 /* Build configuration list for PBXNativeTarget "iOS_BaekJoon" */;
			buildPhases = (
				D58077612A56A526008C2D54 /* Sources */,
				D58077622A56A526008C2D54 /* Frameworks */,
				D58077632A56A526008C2D54 /* CopyFiles */,
			);
			buildRules = (
			);
			dependencies = (
			);
			name = iOS_BaekJoon;
			productName = iOS_BaekJoon;
			productReference = D58077652A56A526008C2D54 /* iOS_BaekJoon */;
			productType = "com.apple.product-type.tool";
		};
/* End PBXNativeTarget section */

/* Begin PBXProject section */
		D580775D2A56A526008C2D54 /* Project object */ = {
			isa = PBXProject;
			attributes = {
				BuildIndependentTargetsInParallel = 1;
				LastSwiftUpdateCheck = 1420;
				LastUpgradeCheck = 1420;
				TargetAttributes = {
					D58077642A56A526008C2D54 = {
						CreatedOnToolsVersion = 14.2;
						LastSwiftMigration = 1420;
					};
				};
			};
			buildConfigurationList = D58077602A56A526008C2D54 /* Build configuration list for PBXProject "iOS_BaekJoon" */;
			compatibilityVersion = "Xcode 14.0";
			developmentRegion = en;
			hasScannedForEncodings = 0;
			knownRegions = (
				en,
				Base,
			);
			mainGroup = D580775C2A56A526008C2D54;
			productRefGroup = D58077662A56A526008C2D54 /* Products */;
			projectDirPath = "";
			projectRoot = "";
			targets = (
				D58077642A56A526008C2D54 /* iOS_BaekJoon */,
			);
		};
/* End PBXProject section */

/* Begin PBXSourcesBuildPhase section */
		D58077612A56A526008C2D54 /* Sources */ = {
			isa = PBXSourcesBuildPhase;
			buildActionMask = 2147483647;
			files = (
				D52A212C2ACAAC910079878C /* main.swift in Sources */,
			);
			runOnlyForDeploymentPostprocessing = 0;
		};
/* End PBXSourcesBuildPhase section */

/* Begin XCBuildConfiguration section */
		D580776A2A56A526008C2D54 /* Debug */ = {
			isa = XCBuildConfiguration;
			buildSettings = {
				ALWAYS_SEARCH_USER_PATHS = NO;
				CLANG_ANALYZER_NONNULL = YES;
				CLANG_ANALYZER_NUMBER_OBJECT_CONVERSION = YES_AGGRESSIVE;
				CLANG_CXX_LANGUAGE_STANDARD = "gnu++20";
				CLANG_ENABLE_MODULES = YES;
				CLANG_ENABLE_OBJC_ARC = YES;
				CLANG_ENABLE_OBJC_WEAK = YES;
				CLANG_WARN_BLOCK_CAPTURE_AUTORELEASING = YES;
				CLANG_WARN_BOOL_CONVERSION = YES;
				CLANG_WARN_COMMA = YES;
				CLANG_WARN_CONSTANT_CONVERSION = YES;
				CLANG_WARN_DEPRECATED_OBJC_IMPLEMENTATIONS = YES;
				CLANG_WARN_DIRECT_OBJC_ISA_USAGE = YES_ERROR;
				CLANG_WARN_DOCUMENTATION_COMMENTS = YES;
				CLANG_WARN_EMPTY_BODY = YES;
				CLANG_WARN_ENUM_CONVERSION = YES;
				CLANG_WARN_INFINITE_RECURSION = YES;
				CLANG_WARN_INT_CONVERSION = YES;
				CLANG_WARN_NON_LITERAL_NULL_CONVERSION = YES;
				CLANG_WARN_OBJC_IMPLICIT_RETAIN_SELF = YES;
				CLANG_WARN_OBJC_LITERAL_CONVERSION = YES;
				CLANG_WARN_OBJC_ROOT_CLASS = YES_ERROR;
				CLANG_WARN_QUOTED_INCLUDE_IN_FRAMEWORK_HEADER = YES;
				CLANG_WARN_RANGE_LOOP_ANALYSIS = YES;
				CLANG_WARN_STRICT_PROTOTYPES = YES;
				CLANG_WARN_SUSPICIOUS_MOVE = YES;
				CLANG_WARN_UNGUARDED_AVAILABILITY = YES_AGGRESSIVE;
				CLANG_WARN_UNREACHABLE_CODE = YES;
				CLANG_WARN__DUPLICATE_METHOD_MATCH = YES;
				COPY_PHASE_STRIP = NO;
				DEBUG_INFORMATION_FORMAT = dwarf;
				ENABLE_STRICT_OBJC_MSGSEND = YES;
				ENABLE_TESTABILITY = YES;
				GCC_C_LANGUAGE_STANDARD = gnu11;
				GCC_DYNAMIC_NO_PIC = NO;
				GCC_NO_COMMON_BLOCKS = YES;
				GCC_OPTIMIZATION_LEVEL = 0;
				GCC_PREPROCESSOR_DEFINITIONS = (
					"DEBUG=1",
					"$(inherited)",
				);
				GCC_WARN_64_TO_32_BIT_CONVERSION = YES;
				GCC_WARN_ABOUT_RETURN_TYPE = YES_ERROR;
				GCC_WARN_UNDECLARED_SELECTOR = YES;
				GCC_WARN_UNINITIALIZED_AUTOS = YES_AGGRESSIVE;
				GCC_WARN_UNUSED_FUNCTION = YES;
				GCC_WARN_UNUSED_VARIABLE = YES;
				MACOSX_DEPLOYMENT_TARGET = 13.1;
				MTL_ENABLE_DEBUG_INFO = INCLUDE_SOURCE;
				MTL_FAST_MATH = YES;
				ONLY_ACTIVE_ARCH = YES;
				SDKROOT = macosx;
				SWIFT_ACTIVE_COMPILATION_CONDITIONS = DEBUG;
				SWIFT_OPTIMIZATION_LEVEL = "-Onone";
			};
			name = Debug;
		};
		D580776B2A56A526008C2D54 /* Release */ = {
			isa = XCBuildConfiguration;
			buildSettings = {
				ALWAYS_SEARCH_USER_PATHS = NO;
				CLANG_ANALYZER_NONNULL = YES;
				CLANG_ANALYZER_NUMBER_OBJECT_CONVERSION = YES_AGGRESSIVE;
				CLANG_CXX_LANGUAGE_STANDARD = "gnu++20";
				CLANG_ENABLE_MODULES = YES;
				CLANG_ENABLE_OBJC_ARC = YES;
				CLANG_ENABLE_OBJC_WEAK = YES;
				CLANG_WARN_BLOCK_CAPTURE_AUTORELEASING = YES;
				CLANG_WARN_BOOL_CONVERSION = YES;
				CLANG_WARN_COMMA = YES;
				CLANG_WARN_CONSTANT_CONVERSION = YES;
				CLANG_WARN_DEPRECATED_OBJC_IMPLEMENTATIONS = YES;
				CLANG_WARN_DIRECT_OBJC_ISA_USAGE = YES_ERROR;
				CLANG_WARN_DOCUMENTATION_COMMENTS = YES;
				CLANG_WARN_EMPTY_BODY = YES;
				CLANG_WARN_ENUM_CONVERSION = YES;
				CLANG_WARN_INFINITE_RECURSION = YES;
				CLANG_WARN_INT_CONVERSION = YES;
				CLANG_WARN_NON_LITERAL_NULL_CONVERSION = YES;
				CLANG_WARN_OBJC_IMPLICIT_RETAIN_SELF = YES;
				CLANG_WARN_OBJC_LITERAL_CONVERSION = YES;
				CLANG_WARN_OBJC_ROOT_CLASS = YES_ERROR;
				CLANG_WARN_QUOTED_INCLUDE_IN_FRAMEWORK_HEADER = YES;
				CLANG_WARN_RANGE_LOOP_ANALYSIS = YES;
				CLANG_WARN_STRICT_PROTOTYPES = YES;
				CLANG_WARN_SUSPICIOUS_MOVE = YES;
				CLANG_WARN_UNGUARDED_AVAILABILITY = YES_AGGRESSIVE;
				CLANG_WARN_UNREACHABLE_CODE = YES;
				CLANG_WARN__DUPLICATE_METHOD_MATCH = YES;
				COPY_PHASE_STRIP = NO;
				DEBUG_INFORMATION_FORMAT = "dwarf-with-dsym";
				ENABLE_NS_ASSERTIONS = NO;
				ENABLE_STRICT_OBJC_MSGSEND = YES;
				GCC_C_LANGUAGE_STANDARD = gnu11;
				GCC_NO_COMMON_BLOCKS = YES;
				GCC_WARN_64_TO_32_BIT_CONVERSION = YES;
				GCC_WARN_ABOUT_RETURN_TYPE = YES_ERROR;
				GCC_WARN_UNDECLARED_SELECTOR = YES;
				GCC_WARN_UNINITIALIZED_AUTOS = YES_AGGRESSIVE;
				GCC_WARN_UNUSED_FUNCTION = YES;
				GCC_WARN_UNUSED_VARIABLE = YES;
				MACOSX_DEPLOYMENT_TARGET = 13.1;
				MTL_ENABLE_DEBUG_INFO = NO;
				MTL_FAST_MATH = YES;
				SDKROOT = macosx;
				SWIFT_COMPILATION_MODE = wholemodule;
				SWIFT_OPTIMIZATION_LEVEL = "-O";
			};
			name = Release;
		};
		D580776D2A56A526008C2D54 /* Debug */ = {
			isa = XCBuildConfiguration;
			buildSettings = {
				CLANG_ENABLE_MODULES = YES;
				CODE_SIGN_STYLE = Automatic;
				DEVELOPMENT_TEAM = CY7T52VJ8W;
				ENABLE_HARDENED_RUNTIME = YES;
				LD_RUNPATH_SEARCH_PATHS = (
					"$(inherited)",
					"@executable_path/../Frameworks",
					"@loader_path/../Frameworks",
				);
				PRODUCT_NAME = "$(TARGET_NAME)";
				SWIFT_OBJC_BRIDGING_HEADER = "iOS_BaekJoon/iOS_BaekJoon-Bridging-Header.h";
				SWIFT_OPTIMIZATION_LEVEL = "-Onone";
				SWIFT_VERSION = 5.0;
			};
			name = Debug;
		};
		D580776E2A56A526008C2D54 /* Release */ = {
			isa = XCBuildConfiguration;
			buildSettings = {
				CLANG_ENABLE_MODULES = YES;
				CODE_SIGN_STYLE = Automatic;
				DEVELOPMENT_TEAM = CY7T52VJ8W;
				ENABLE_HARDENED_RUNTIME = YES;
				LD_RUNPATH_SEARCH_PATHS = (
					"$(inherited)",
					"@executable_path/../Frameworks",
					"@loader_path/../Frameworks",
				);
				PRODUCT_NAME = "$(TARGET_NAME)";
				SWIFT_OBJC_BRIDGING_HEADER = "iOS_BaekJoon/iOS_BaekJoon-Bridging-Header.h";
				SWIFT_VERSION = 5.0;
			};
			name = Release;
		};
/* End XCBuildConfiguration section */

/* Begin XCConfigurationList section */
		D58077602A56A526008C2D54 /* Build configuration list for PBXProject "iOS_BaekJoon" */ = {
			isa = XCConfigurationList;
			buildConfigurations = (
				D580776A2A56A526008C2D54 /* Debug */,
				D580776B2A56A526008C2D54 /* Release */,
			);
			defaultConfigurationIsVisible = 0;
			defaultConfigurationName = Release;
		};
		D580776C2A56A526008C2D54 /* Build configuration list for PBXNativeTarget "iOS_BaekJoon" */ = {
			isa = XCConfigurationList;
			buildConfigurations = (
				D580776D2A56A526008C2D54 /* Debug */,
				D580776E2A56A526008C2D54 /* Release */,
			);
			defaultConfigurationIsVisible = 0;
			defaultConfigurationName = Release;
		};
/* End XCConfigurationList section */
	};
	rootObject = D580775D2A56A526008C2D54 /* Project object */;
}
